
Microsoft Visual Studio Solution File, Format Version 12.00
# Visual Studio Version 16
VisualStudioVersion = 16.0.30907.101
MinimumVisualStudioVersion = 10.0.40219.1
Project("{FAE04EC0-301F-11D3-BF4B-00C04F79EFBC}") = "JX_LAB1", "JX_LAB1.csproj", "{722667E8-1C07-4F9B-9734-21645A70970F}"
EndProject
Global
	GlobalSection(SolutionConfigurationPlatforms) = preSolution
		Debug|Any CPU = Debug|Any CPU
		Release|Any CPU = Release|Any CPU
	EndGlobalSection
	GlobalSection(ProjectConfigurationPlatforms) = postSolution
		{722667E8-1C07-4F9B-9734-21645A70970F}.Debug|Any CPU.ActiveCfg = Debug|Any CPU
		{722667E8-1C07-4F9B-9734-21645A70970F}.Debug|Any CPU.Build.0 = Debug|Any CPU
		{722667E8-1C07-4F9B-9734-21645A70970F}.Release|Any CPU.ActiveCfg = Release|Any CPU
		{722667E8-1C07-4F9B-9734-21645A70970F}.Release|Any CPU.Build.0 = Release|Any CPU
	EndGlobalSection
	GlobalSection(SolutionProperties) = preSolution
		HideSolutionNode = FALSE
	EndGlobalSection
	GlobalSection(ExtensibilityGlobals) = postSolution
		SolutionGuid = {2A95EE41-FF58-4E35-A870-10A4CC135395}
	EndGlobalSection
EndGlobal
